// !$*UTF8*$!
{
	archiveVersion = 1;
	classes = {
	};
	objectVersion = 55;
	objects = {

/* Begin PBXBuildFile section */
		65085CF885142511F14C4CC1 /* Pods_MVVMDemoTests.framework in Frameworks */ = {isa = PBXBuildFile; fileRef = 4D23A5803DE755EC0D2096E3 /* Pods_MVVMDemoTests.framework */; };
		9FC32B11CD7FA7F1263556D3 /* Pods_MVVMDemo.framework in Frameworks */ = {isa = PBXBuildFile; fileRef = C8CE58E6F633825F5937B59F /* Pods_MVVMDemo.framework */; };
		A69951B5ADCB501EB61E8D66 /* Pods_MVVMDemo_MVVMDemoUITests.framework in Frameworks */ = {isa = PBXBuildFile; fileRef = E3F4A1CF37C1D511979EED71 /* Pods_MVVMDemo_MVVMDemoUITests.framework */; };
		BE3CBF68286F2FED006A8912 /* AppDelegate.swift in Sources */ = {isa = PBXBuildFile; fileRef = BE3CBF67286F2FED006A8912 /* AppDelegate.swift */; };
		BE3CBF6A286F2FED006A8912 /* SceneDelegate.swift in Sources */ = {isa = PBXBuildFile; fileRef = BE3CBF69286F2FED006A8912 /* SceneDelegate.swift */; };
		BE3CBF6C286F2FED006A8912 /* ViewController.swift in Sources */ = {isa = PBXBuildFile; fileRef = BE3CBF6B286F2FED006A8912 /* ViewController.swift */; };
		BE3CBF6F286F2FED006A8912 /* Main.storyboard in Resources */ = {isa = PBXBuildFile; fileRef = BE3CBF6D286F2FED006A8912 /* Main.storyboard */; };
		BE3CBF71286F2FEF006A8912 /* Assets.xcassets in Resources */ = {isa = PBXBuildFile; fileRef = BE3CBF70286F2FEF006A8912 /* Assets.xcassets */; };
		BE3CBF74286F2FEF006A8912 /* LaunchScreen.storyboard in Resources */ = {isa = PBXBuildFile; fileRef = BE3CBF72286F2FEF006A8912 /* LaunchScreen.storyboard */; };
		BE3CBF7F286F2FEF006A8912 /* MVVMDemoTests.swift in Sources */ = {isa = PBXBuildFile; fileRef = BE3CBF7E286F2FEF006A8912 /* MVVMDemoTests.swift */; };
		BE3CBF89286F2FEF006A8912 /* MVVMDemoUITests.swift in Sources */ = {isa = PBXBuildFile; fileRef = BE3CBF88286F2FEF006A8912 /* MVVMDemoUITests.swift */; };
		BE3CBF8B286F2FEF006A8912 /* MVVMDemoUITestsLaunchTests.swift in Sources */ = {isa = PBXBuildFile; fileRef = BE3CBF8A286F2FEF006A8912 /* MVVMDemoUITestsLaunchTests.swift */; };
		BE3CBF9A286F30AD006A8912 /* MyHomeViewController.swift in Sources */ = {isa = PBXBuildFile; fileRef = BE3CBF99286F30AD006A8912 /* MyHomeViewController.swift */; };
		BE3CBF9F286F3700006A8912 /* HomeViewControllerCell.swift in Sources */ = {isa = PBXBuildFile; fileRef = BE3CBF9E286F3700006A8912 /* HomeViewControllerCell.swift */; };
		BE3CBFA3286F3BF3006A8912 /* NetworkStruct.swift in Sources */ = {isa = PBXBuildFile; fileRef = BE3CBFA2286F3BF3006A8912 /* NetworkStruct.swift */; };
		BE3CBFA9286F4406006A8912 /* HomeViewModel.swift in Sources */ = {isa = PBXBuildFile; fileRef = BE3CBFA8286F4406006A8912 /* HomeViewModel.swift */; };
		BEEF4FD428E9AEFB004B22BF /* AlamofireAdapter.swift in Sources */ = {isa = PBXBuildFile; fileRef = BEEF4FD328E9AEFB004B22BF /* AlamofireAdapter.swift */; };
/* End PBXBuildFile section */

/* Begin PBXContainerItemProxy section */
		BE3CBF7B286F2FEF006A8912 /* PBXContainerItemProxy */ = {
			isa = PBXContainerItemProxy;
			containerPortal = BE3CBF5C286F2FED006A8912 /* Project object */;
			proxyType = 1;
			remoteGlobalIDString = BE3CBF63286F2FED006A8912;
			remoteInfo = MVVMDemo;
		};
		BE3CBF85286F2FEF006A8912 /* PBXContainerItemProxy */ = {
			isa = PBXContainerItemProxy;
			containerPortal = BE3CBF5C286F2FED006A8912 /* Project object */;
			proxyType = 1;
			remoteGlobalIDString = BE3CBF63286F2FED006A8912;
			remoteInfo = MVVMDemo;
		};
/* End PBXContainerItemProxy section */

/* Begin PBXFileReference section */
		2947CF6C5E944798A05605E9 /* Pods-MVVMDemo.debug.xcconfig */ = {isa = PBXFileReference; includeInIndex = 1; lastKnownFileType = text.xcconfig; name = "Pods-MVVMDemo.debug.xcconfig"; path = "Target Support Files/Pods-MVVMDemo/Pods-MVVMDemo.debug.xcconfig"; sourceTree = "<group>"; };
		2D72E24FC2346512A1F86BA9 /* Pods-MVVMDemoTests.release.xcconfig */ = {isa = PBXFileReference; includeInIndex = 1; lastKnownFileType = text.xcconfig; name = "Pods-MVVMDemoTests.release.xcconfig"; path = "Target Support Files/Pods-MVVMDemoTests/Pods-MVVMDemoTests.release.xcconfig"; sourceTree = "<group>"; };
		4D23A5803DE755EC0D2096E3 /* Pods_MVVMDemoTests.framework */ = {isa = PBXFileReference; explicitFileType = wrapper.framework; includeInIndex = 0; path = Pods_MVVMDemoTests.framework; sourceTree = BUILT_PRODUCTS_DIR; };
		52DA191AB66F396575783775 /* Pods-MVVMDemo-MVVMDemoUITests.release.xcconfig */ = {isa = PBXFileReference; includeInIndex = 1; lastKnownFileType = text.xcconfig; name = "Pods-MVVMDemo-MVVMDemoUITests.release.xcconfig"; path = "Target Support Files/Pods-MVVMDemo-MVVMDemoUITests/Pods-MVVMDemo-MVVMDemoUITests.release.xcconfig"; sourceTree = "<group>"; };
		677E3D33E1B9E99D8884225C /* Pods-MVVMDemo.release.xcconfig */ = {isa = PBXFileReference; includeInIndex = 1; lastKnownFileType = text.xcconfig; name = "Pods-MVVMDemo.release.xcconfig"; path = "Target Support Files/Pods-MVVMDemo/Pods-MVVMDemo.release.xcconfig"; sourceTree = "<group>"; };
		AC6AFCD6052DAC7BF2AF005B /* Pods-MVVMDemoTests.debug.xcconfig */ = {isa = PBXFileReference; includeInIndex = 1; lastKnownFileType = text.xcconfig; name = "Pods-MVVMDemoTests.debug.xcconfig"; path = "Target Support Files/Pods-MVVMDemoTests/Pods-MVVMDemoTests.debug.xcconfig"; sourceTree = "<group>"; };
		B3050D5CA7D7238550D7D11B /* Pods-MVVMDemo-MVVMDemoUITests.debug.xcconfig */ = {isa = PBXFileReference; includeInIndex = 1; lastKnownFileType = text.xcconfig; name = "Pods-MVVMDemo-MVVMDemoUITests.debug.xcconfig"; path = "Target Support Files/Pods-MVVMDemo-MVVMDemoUITests/Pods-MVVMDemo-MVVMDemoUITests.debug.xcconfig"; sourceTree = "<group>"; };
		BE3CBF64286F2FED006A8912 /* MVVMDemo.app */ = {isa = PBXFileReference; explicitFileType = wrapper.application; includeInIndex = 0; path = MVVMDemo.app; sourceTree = BUILT_PRODUCTS_DIR; };
		BE3CBF67286F2FED006A8912 /* AppDelegate.swift */ = {isa = PBXFileReference; lastKnownFileType = sourcecode.swift; path = AppDelegate.swift; sourceTree = "<group>"; };
		BE3CBF69286F2FED006A8912 /* SceneDelegate.swift */ = {isa = PBXFileReference; lastKnownFileType = sourcecode.swift; path = SceneDelegate.swift; sourceTree = "<group>"; };
		BE3CBF6B286F2FED006A8912 /* ViewController.swift */ = {isa = PBXFileReference; lastKnownFileType = sourcecode.swift; path = ViewController.swift; sourceTree = "<group>"; };
		BE3CBF6E286F2FED006A8912 /* Base */ = {isa = PBXFileReference; lastKnownFileType = file.storyboard; name = Base; path = Base.lproj/Main.storyboard; sourceTree = "<group>"; };
		BE3CBF70286F2FEF006A8912 /* Assets.xcassets */ = {isa = PBXFileReference; lastKnownFileType = folder.assetcatalog; path = Assets.xcassets; sourceTree = "<group>"; };
		BE3CBF73286F2FEF006A8912 /* Base */ = {isa = PBXFileReference; lastKnownFileType = file.storyboard; name = Base; path = Base.lproj/LaunchScreen.storyboard; sourceTree = "<group>"; };
		BE3CBF75286F2FEF006A8912 /* Info.plist */ = {isa = PBXFileReference; lastKnownFileType = text.plist.xml; path = Info.plist; sourceTree = "<group>"; };
		BE3CBF7A286F2FEF006A8912 /* MVVMDemoTests.xctest */ = {isa = PBXFileReference; explicitFileType = wrapper.cfbundle; includeInIndex = 0; path = MVVMDemoTests.xctest; sourceTree = BUILT_PRODUCTS_DIR; };
		BE3CBF7E286F2FEF006A8912 /* MVVMDemoTests.swift */ = {isa = PBXFileReference; lastKnownFileType = sourcecode.swift; path = MVVMDemoTests.swift; sourceTree = "<group>"; };
		BE3CBF84286F2FEF006A8912 /* MVVMDemoUITests.xctest */ = {isa = PBXFileReference; explicitFileType = wrapper.cfbundle; includeInIndex = 0; path = MVVMDemoUITests.xctest; sourceTree = BUILT_PRODUCTS_DIR; };
		BE3CBF88286F2FEF006A8912 /* MVVMDemoUITests.swift */ = {isa = PBXFileReference; lastKnownFileType = sourcecode.swift; path = MVVMDemoUITests.swift; sourceTree = "<group>"; };
		BE3CBF8A286F2FEF006A8912 /* MVVMDemoUITestsLaunchTests.swift */ = {isa = PBXFileReference; lastKnownFileType = sourcecode.swift; path = MVVMDemoUITestsLaunchTests.swift; sourceTree = "<group>"; };
		BE3CBF99286F30AD006A8912 /* MyHomeViewController.swift */ = {isa = PBXFileReference; lastKnownFileType = sourcecode.swift; path = MyHomeViewController.swift; sourceTree = "<group>"; };
		BE3CBF9E286F3700006A8912 /* HomeViewControllerCell.swift */ = {isa = PBXFileReference; lastKnownFileType = sourcecode.swift; path = HomeViewControllerCell.swift; sourceTree = "<group>"; };
		BE3CBFA2286F3BF3006A8912 /* NetworkStruct.swift */ = {isa = PBXFileReference; lastKnownFileType = sourcecode.swift; path = NetworkStruct.swift; sourceTree = "<group>"; };
		BE3CBFA8286F4406006A8912 /* HomeViewModel.swift */ = {isa = PBXFileReference; lastKnownFileType = sourcecode.swift; path = HomeViewModel.swift; sourceTree = "<group>"; };
		BEEF4FD328E9AEFB004B22BF /* AlamofireAdapter.swift */ = {isa = PBXFileReference; lastKnownFileType = sourcecode.swift; path = AlamofireAdapter.swift; sourceTree = "<group>"; };
		C8CE58E6F633825F5937B59F /* Pods_MVVMDemo.framework */ = {isa = PBXFileReference; explicitFileType = wrapper.framework; includeInIndex = 0; path = Pods_MVVMDemo.framework; sourceTree = BUILT_PRODUCTS_DIR; };
		E3F4A1CF37C1D511979EED71 /* Pods_MVVMDemo_MVVMDemoUITests.framework */ = {isa = PBXFileReference; explicitFileType = wrapper.framework; includeInIndex = 0; path = Pods_MVVMDemo_MVVMDemoUITests.framework; sourceTree = BUILT_PRODUCTS_DIR; };
/* End PBXFileReference section */

/* Begin PBXFrameworksBuildPhase section */
		BE3CBF61286F2FED006A8912 /* Frameworks */ = {
			isa = PBXFrameworksBuildPhase;
			buildActionMask = 2147483647;
			files = (
				9FC32B11CD7FA7F1263556D3 /* Pods_MVVMDemo.framework in Frameworks */,
			);
			runOnlyForDeploymentPostprocessing = 0;
		};
		BE3CBF77286F2FEF006A8912 /* Frameworks */ = {
			isa = PBXFrameworksBuildPhase;
			buildActionMask = 2147483647;
			files = (
				65085CF885142511F14C4CC1 /* Pods_MVVMDemoTests.framework in Frameworks */,
			);
			runOnlyForDeploymentPostprocessing = 0;
		};
		BE3CBF81286F2FEF006A8912 /* Frameworks */ = {
			isa = PBXFrameworksBuildPhase;
			buildActionMask = 2147483647;
			files = (
				A69951B5ADCB501EB61E8D66 /* Pods_MVVMDemo_MVVMDemoUITests.framework in Frameworks */,
			);
			runOnlyForDeploymentPostprocessing = 0;
		};
/* End PBXFrameworksBuildPhase section */

/* Begin PBXGroup section */
		BE3CBF5B286F2FED006A8912 = {
			isa = PBXGroup;
			children = (
				BE3CBF66286F2FED006A8912 /* MVVMDemo */,
				BE3CBF7D286F2FEF006A8912 /* MVVMDemoTests */,
				BE3CBF87286F2FEF006A8912 /* MVVMDemoUITests */,
				BE3CBF65286F2FED006A8912 /* Products */,
				FBA551091EA36B395D666982 /* Pods */,
				BFA3810D200CA45822C44DE7 /* Frameworks */,
			);
			sourceTree = "<group>";
		};
		BE3CBF65286F2FED006A8912 /* Products */ = {
			isa = PBXGroup;
			children = (
				BE3CBF64286F2FED006A8912 /* MVVMDemo.app */,
				BE3CBF7A286F2FEF006A8912 /* MVVMDemoTests.xctest */,
				BE3CBF84286F2FEF006A8912 /* MVVMDemoUITests.xctest */,
			);
			name = Products;
			sourceTree = "<group>";
		};
		BE3CBF66286F2FED006A8912 /* MVVMDemo */ = {
			isa = PBXGroup;
			children = (
				BEEF4FD228E9AEC5004B22BF /* Adapters */,
				BE3CBFA0286F3BC2006A8912 /* Model */,
				BE3CBF9C286F36D4006A8912 /* ViewModel */,
				BE3CBF9B286F36CD006A8912 /* View */,
				BE3CBF97286F307F006A8912 /* ViewController */,
				BE3CBF67286F2FED006A8912 /* AppDelegate.swift */,
				BE3CBF69286F2FED006A8912 /* SceneDelegate.swift */,
				BE3CBF6B286F2FED006A8912 /* ViewController.swift */,
				BE3CBF6D286F2FED006A8912 /* Main.storyboard */,
				BE3CBF70286F2FEF006A8912 /* Assets.xcassets */,
				BE3CBF72286F2FEF006A8912 /* LaunchScreen.storyboard */,
				BE3CBF75286F2FEF006A8912 /* Info.plist */,
			);
			path = MVVMDemo;
			sourceTree = "<group>";
		};
		BE3CBF7D286F2FEF006A8912 /* MVVMDemoTests */ = {
			isa = PBXGroup;
			children = (
				BE3CBF7E286F2FEF006A8912 /* MVVMDemoTests.swift */,
			);
			path = MVVMDemoTests;
			sourceTree = "<group>";
		};
		BE3CBF87286F2FEF006A8912 /* MVVMDemoUITests */ = {
			isa = PBXGroup;
			children = (
				BE3CBF88286F2FEF006A8912 /* MVVMDemoUITests.swift */,
				BE3CBF8A286F2FEF006A8912 /* MVVMDemoUITestsLaunchTests.swift */,
			);
			path = MVVMDemoUITests;
			sourceTree = "<group>";
		};
		BE3CBF97286F307F006A8912 /* ViewController */ = {
			isa = PBXGroup;
			children = (
				BE3CBF98286F308B006A8912 /* MyHomeViewController */,
			);
			path = ViewController;
			sourceTree = "<group>";
		};
		BE3CBF98286F308B006A8912 /* MyHomeViewController */ = {
			isa = PBXGroup;
			children = (
				BE3CBF99286F30AD006A8912 /* MyHomeViewController.swift */,
			);
			path = MyHomeViewController;
			sourceTree = "<group>";
		};
		BE3CBF9B286F36CD006A8912 /* View */ = {
			isa = PBXGroup;
			children = (
				BE3CBF9D286F36E0006A8912 /* HomeViewControllerCell */,
			);
			path = View;
			sourceTree = "<group>";
		};
		BE3CBF9C286F36D4006A8912 /* ViewModel */ = {
			isa = PBXGroup;
			children = (
				BE3CBFA7286F43EB006A8912 /* HomeViewModel */,
			);
			path = ViewModel;
			sourceTree = "<group>";
		};
		BE3CBF9D286F36E0006A8912 /* HomeViewControllerCell */ = {
			isa = PBXGroup;
			children = (
				BE3CBF9E286F3700006A8912 /* HomeViewControllerCell.swift */,
			);
			path = HomeViewControllerCell;
			sourceTree = "<group>";
		};
		BE3CBFA0286F3BC2006A8912 /* Model */ = {
			isa = PBXGroup;
			children = (
				BE3CBFA1286F3BCB006A8912 /* NetworkStruct */,
			);
			path = Model;
			sourceTree = "<group>";
		};
		BE3CBFA1286F3BCB006A8912 /* NetworkStruct */ = {
			isa = PBXGroup;
			children = (
				BE3CBFA2286F3BF3006A8912 /* NetworkStruct.swift */,
			);
			path = NetworkStruct;
			sourceTree = "<group>";
		};
		BE3CBFA7286F43EB006A8912 /* HomeViewModel */ = {
			isa = PBXGroup;
			children = (
				BE3CBFA8286F4406006A8912 /* HomeViewModel.swift */,
			);
			path = HomeViewModel;
			sourceTree = "<group>";
		};
		BEEF4FD228E9AEC5004B22BF /* Adapters */ = {
			isa = PBXGroup;
			children = (
				BEEF4FD328E9AEFB004B22BF /* AlamofireAdapter.swift */,
			);
			path = Adapters;
			sourceTree = "<group>";
		};
		BFA3810D200CA45822C44DE7 /* Frameworks */ = {
			isa = PBXGroup;
			children = (
				C8CE58E6F633825F5937B59F /* Pods_MVVMDemo.framework */,
				E3F4A1CF37C1D511979EED71 /* Pods_MVVMDemo_MVVMDemoUITests.framework */,
				4D23A5803DE755EC0D2096E3 /* Pods_MVVMDemoTests.framework */,
			);
			name = Frameworks;
			sourceTree = "<group>";
		};
		FBA551091EA36B395D666982 /* Pods */ = {
			isa = PBXGroup;
			children = (
				2947CF6C5E944798A05605E9 /* Pods-MVVMDemo.debug.xcconfig */,
				677E3D33E1B9E99D8884225C /* Pods-MVVMDemo.release.xcconfig */,
				B3050D5CA7D7238550D7D11B /* Pods-MVVMDemo-MVVMDemoUITests.debug.xcconfig */,
				52DA191AB66F396575783775 /* Pods-MVVMDemo-MVVMDemoUITests.release.xcconfig */,
				AC6AFCD6052DAC7BF2AF005B /* Pods-MVVMDemoTests.debug.xcconfig */,
				2D72E24FC2346512A1F86BA9 /* Pods-MVVMDemoTests.release.xcconfig */,
			);
			path = Pods;
			sourceTree = "<group>";
		};
/* End PBXGroup section */

/* Begin PBXNativeTarget section */
		BE3CBF63286F2FED006A8912 /* MVVMDemo */ = {
			isa = PBXNativeTarget;
			buildConfigurationList = BE3CBF8E286F2FEF006A8912 /* Build configuration list for PBXNativeTarget "MVVMDemo" */;
			buildPhases = (
				87F5ED10627138511AC3D15C /* [CP] Check Pods Manifest.lock */,
				BE3CBF60286F2FED006A8912 /* Sources */,
				BE3CBF61286F2FED006A8912 /* Frameworks */,
				BE3CBF62286F2FED006A8912 /* Resources */,
				4BBAB64624D9AE76BB8383F4 /* [CP] Embed Pods Frameworks */,
			);
			buildRules = (
			);
			dependencies = (
			);
			name = MVVMDemo;
			productName = MVVMDemo;
			productReference = BE3CBF64286F2FED006A8912 /* MVVMDemo.app */;
			productType = "com.apple.product-type.application";
		};
		BE3CBF79286F2FEF006A8912 /* MVVMDemoTests */ = {
			isa = PBXNativeTarget;
			buildConfigurationList = BE3CBF91286F2FEF006A8912 /* Build configuration list for PBXNativeTarget "MVVMDemoTests" */;
			buildPhases = (
				F7164B643DFD52F8F737FEA7 /* [CP] Check Pods Manifest.lock */,
				BE3CBF76286F2FEF006A8912 /* Sources */,
				BE3CBF77286F2FEF006A8912 /* Frameworks */,
				BE3CBF78286F2FEF006A8912 /* Resources */,
			);
			buildRules = (
			);
			dependencies = (
				BE3CBF7C286F2FEF006A8912 /* PBXTargetDependency */,
			);
			name = MVVMDemoTests;
			productName = MVVMDemoTests;
			productReference = BE3CBF7A286F2FEF006A8912 /* MVVMDemoTests.xctest */;
			productType = "com.apple.product-type.bundle.unit-test";
		};
		BE3CBF83286F2FEF006A8912 /* MVVMDemoUITests */ = {
			isa = PBXNativeTarget;
			buildConfigurationList = BE3CBF94286F2FEF006A8912 /* Build configuration list for PBXNativeTarget "MVVMDemoUITests" */;
			buildPhases = (
				7E181726798C5D87359D94F7 /* [CP] Check Pods Manifest.lock */,
				BE3CBF80286F2FEF006A8912 /* Sources */,
				BE3CBF81286F2FEF006A8912 /* Frameworks */,
				BE3CBF82286F2FEF006A8912 /* Resources */,
				690D0EFBFC6B247CED75F813 /* [CP] Embed Pods Frameworks */,
			);
			buildRules = (
			);
			dependencies = (
				BE3CBF86286F2FEF006A8912 /* PBXTargetDependency */,
			);
			name = MVVMDemoUITests;
			productName = MVVMDemoUITests;
			productReference = BE3CBF84286F2FEF006A8912 /* MVVMDemoUITests.xctest */;
			productType = "com.apple.product-type.bundle.ui-testing";
		};
/* End PBXNativeTarget section */

/* Begin PBXProject section */
		BE3CBF5C286F2FED006A8912 /* Project object */ = {
			isa = PBXProject;
			attributes = {
				BuildIndependentTargetsInParallel = 1;
				LastSwiftUpdateCheck = 1340;
				LastUpgradeCheck = 1340;
				TargetAttributes = {
					BE3CBF63286F2FED006A8912 = {
						CreatedOnToolsVersion = 13.4.1;
					};
					BE3CBF79286F2FEF006A8912 = {
						CreatedOnToolsVersion = 13.4.1;
						TestTargetID = BE3CBF63286F2FED006A8912;
					};
					BE3CBF83286F2FEF006A8912 = {
						CreatedOnToolsVersion = 13.4.1;
						TestTargetID = BE3CBF63286F2FED006A8912;
					};
				};
			};
			buildConfigurationList = BE3CBF5F286F2FED006A8912 /* Build configuration list for PBXProject "MVVMDemo" */;
			compatibilityVersion = "Xcode 13.0";
			developmentRegion = en;
			hasScannedForEncodings = 0;
			knownRegions = (
				en,
				Base,
			);
			mainGroup = BE3CBF5B286F2FED006A8912;
			productRefGroup = BE3CBF65286F2FED006A8912 /* Products */;
			projectDirPath = "";
			projectRoot = "";
			targets = (
				BE3CBF63286F2FED006A8912 /* MVVMDemo */,
				BE3CBF79286F2FEF006A8912 /* MVVMDemoTests */,
				BE3CBF83286F2FEF006A8912 /* MVVMDemoUITests */,
			);
		};
/* End PBXProject section */

/* Begin PBXResourcesBuildPhase section */
		BE3CBF62286F2FED006A8912 /* Resources */ = {
			isa = PBXResourcesBuildPhase;
			buildActionMask = 2147483647;
			files = (
				BE3CBF74286F2FEF006A8912 /* LaunchScreen.storyboard in Resources */,
				BE3CBF71286F2FEF006A8912 /* Assets.xcassets in Resources */,
				BE3CBF6F286F2FED006A8912 /* Main.storyboard in Resources */,
			);
			runOnlyForDeploymentPostprocessing = 0;
		};
		BE3CBF78286F2FEF006A8912 /* Resources */ = {
			isa = PBXResourcesBuildPhase;
			buildActionMask = 2147483647;
			files = (
			);
			runOnlyForDeploymentPostprocessing = 0;
		};
		BE3CBF82286F2FEF006A8912 /* Resources */ = {
			isa = PBXResourcesBuildPhase;
			buildActionMask = 2147483647;
			files = (
			);
			runOnlyForDeploymentPostprocessing = 0;
		};
/* End PBXResourcesBuildPhase section */

/* Begin PBXShellScriptBuildPhase section */
		4BBAB64624D9AE76BB8383F4 /* [CP] Embed Pods Frameworks */ = {
			isa = PBXShellScriptBuildPhase;
			buildActionMask = 2147483647;
			files = (
			);
			inputFileListPaths = (
				"${PODS_ROOT}/Target Support Files/Pods-MVVMDemo/Pods-MVVMDemo-frameworks-${CONFIGURATION}-input-files.xcfilelist",
			);
			name = "[CP] Embed Pods Frameworks";
			outputFileListPaths = (
				"${PODS_ROOT}/Target Support Files/Pods-MVVMDemo/Pods-MVVMDemo-frameworks-${CONFIGURATION}-output-files.xcfilelist",
			);
			runOnlyForDeploymentPostprocessing = 0;
			shellPath = /bin/sh;
			shellScript = "\"${PODS_ROOT}/Target Support Files/Pods-MVVMDemo/Pods-MVVMDemo-frameworks.sh\"\n";
			showEnvVarsInLog = 0;
		};
		690D0EFBFC6B247CED75F813 /* [CP] Embed Pods Frameworks */ = {
			isa = PBXShellScriptBuildPhase;
			buildActionMask = 2147483647;
			files = (
			);
			inputFileListPaths = (
				"${PODS_ROOT}/Target Support Files/Pods-MVVMDemo-MVVMDemoUITests/Pods-MVVMDemo-MVVMDemoUITests-frameworks-${CONFIGURATION}-input-files.xcfilelist",
			);
			name = "[CP] Embed Pods Frameworks";
			outputFileListPaths = (
				"${PODS_ROOT}/Target Support Files/Pods-MVVMDemo-MVVMDemoUITests/Pods-MVVMDemo-MVVMDemoUITests-frameworks-${CONFIGURATION}-output-files.xcfilelist",
			);
			runOnlyForDeploymentPostprocessing = 0;
			shellPath = /bin/sh;
			shellScript = "\"${PODS_ROOT}/Target Support Files/Pods-MVVMDemo-MVVMDemoUITests/Pods-MVVMDemo-MVVMDemoUITests-frameworks.sh\"\n";
			showEnvVarsInLog = 0;
		};
		7E181726798C5D87359D94F7 /* [CP] Check Pods Manifest.lock */ = {
			isa = PBXShellScriptBuildPhase;
			buildActionMask = 2147483647;
			files = (
			);
			inputFileListPaths = (
			);
			inputPaths = (
				"${PODS_PODFILE_DIR_PATH}/Podfile.lock",
				"${PODS_ROOT}/Manifest.lock",
			);
			name = "[CP] Check Pods Manifest.lock";
			outputFileListPaths = (
			);
			outputPaths = (
				"$(DERIVED_FILE_DIR)/Pods-MVVMDemo-MVVMDemoUITests-checkManifestLockResult.txt",
			);
			runOnlyForDeploymentPostprocessing = 0;
			shellPath = /bin/sh;
			shellScript = "diff \"${PODS_PODFILE_DIR_PATH}/Podfile.lock\" \"${PODS_ROOT}/Manifest.lock\" > /dev/null\nif [ $? != 0 ] ; then\n    # print error to STDERR\n    echo \"error: The sandbox is not in sync with the Podfile.lock. Run 'pod install' or update your CocoaPods installation.\" >&2\n    exit 1\nfi\n# This output is used by Xcode 'outputs' to avoid re-running this script phase.\necho \"SUCCESS\" > \"${SCRIPT_OUTPUT_FILE_0}\"\n";
			showEnvVarsInLog = 0;
		};
		87F5ED10627138511AC3D15C /* [CP] Check Pods Manifest.lock */ = {
			isa = PBXShellScriptBuildPhase;
			buildActionMask = 2147483647;
			files = (
			);
			inputFileListPaths = (
			);
			inputPaths = (
				"${PODS_PODFILE_DIR_PATH}/Podfile.lock",
				"${PODS_ROOT}/Manifest.lock",
			);
			name = "[CP] Check Pods Manifest.lock";
			outputFileListPaths = (
			);
			outputPaths = (
				"$(DERIVED_FILE_DIR)/Pods-MVVMDemo-checkManifestLockResult.txt",
			);
			runOnlyForDeploymentPostprocessing = 0;
			shellPath = /bin/sh;
			shellScript = "diff \"${PODS_PODFILE_DIR_PATH}/Podfile.lock\" \"${PODS_ROOT}/Manifest.lock\" > /dev/null\nif [ $? != 0 ] ; then\n    # print error to STDERR\n    echo \"error: The sandbox is not in sync with the Podfile.lock. Run 'pod install' or update your CocoaPods installation.\" >&2\n    exit 1\nfi\n# This output is used by Xcode 'outputs' to avoid re-running this script phase.\necho \"SUCCESS\" > \"${SCRIPT_OUTPUT_FILE_0}\"\n";
			showEnvVarsInLog = 0;
		};
		F7164B643DFD52F8F737FEA7 /* [CP] Check Pods Manifest.lock */ = {
			isa = PBXShellScriptBuildPhase;
			buildActionMask = 2147483647;
			files = (
			);
			inputFileListPaths = (
			);
			inputPaths = (
				"${PODS_PODFILE_DIR_PATH}/Podfile.lock",
				"${PODS_ROOT}/Manifest.lock",
			);
			name = "[CP] Check Pods Manifest.lock";
			outputFileListPaths = (
			);
			outputPaths = (
				"$(DERIVED_FILE_DIR)/Pods-MVVMDemoTests-checkManifestLockResult.txt",
			);
			runOnlyForDeploymentPostprocessing = 0;
			shellPath = /bin/sh;
			shellScript = "diff \"${PODS_PODFILE_DIR_PATH}/Podfile.lock\" \"${PODS_ROOT}/Manifest.lock\" > /dev/null\nif [ $? != 0 ] ; then\n    # print error to STDERR\n    echo \"error: The sandbox is not in sync with the Podfile.lock. Run 'pod install' or update your CocoaPods installation.\" >&2\n    exit 1\nfi\n# This output is used by Xcode 'outputs' to avoid re-running this script phase.\necho \"SUCCESS\" > \"${SCRIPT_OUTPUT_FILE_0}\"\n";
			showEnvVarsInLog = 0;
		};
/* End PBXShellScriptBuildPhase section */

/* Begin PBXSourcesBuildPhase section */
		BE3CBF60286F2FED006A8912 /* Sources */ = {
			isa = PBXSourcesBuildPhase;
			buildActionMask = 2147483647;
			files = (
				BE3CBF6C286F2FED006A8912 /* ViewController.swift in Sources */,
				BE3CBF68286F2FED006A8912 /* AppDelegate.swift in Sources */,
				BE3CBFA9286F4406006A8912 /* HomeViewModel.swift in Sources */,
				BE3CBF6A286F2FED006A8912 /* SceneDelegate.swift in Sources */,
				BEEF4FD428E9AEFB004B22BF /* AlamofireAdapter.swift in Sources */,
				BE3CBF9A286F30AD006A8912 /* MyHomeViewController.swift in Sources */,
				BE3CBF9F286F3700006A8912 /* HomeViewControllerCell.swift in Sources */,
				BE3CBFA3286F3BF3006A8912 /* NetworkStruct.swift in Sources */,
			);
			runOnlyForDeploymentPostprocessing = 0;
		};
		BE3CBF76286F2FEF006A8912 /* Sources */ = {
			isa = PBXSourcesBuildPhase;
			buildActionMask = 2147483647;
			files = (
				BE3CBF7F286F2FEF006A8912 /* MVVMDemoTests.swift in Sources */,
			);
			runOnlyForDeploymentPostprocessing = 0;
		};
		BE3CBF80286F2FEF006A8912 /* Sources */ = {
			isa = PBXSourcesBuildPhase;
			buildActionMask = 2147483647;
			files = (
				BE3CBF8B286F2FEF006A8912 /* MVVMDemoUITestsLaunchTests.swift in Sources */,
				BE3CBF89286F2FEF006A8912 /* MVVMDemoUITests.swift in Sources */,
			);
			runOnlyForDeploymentPostprocessing = 0;
		};
/* End PBXSourcesBuildPhase section */

/* Begin PBXTargetDependency section */
		BE3CBF7C286F2FEF006A8912 /* PBXTargetDependency */ = {
			isa = PBXTargetDependency;
			target = BE3CBF63286F2FED006A8912 /* MVVMDemo */;
			targetProxy = BE3CBF7B286F2FEF006A8912 /* PBXContainerItemProxy */;
		};
		BE3CBF86286F2FEF006A8912 /* PBXTargetDependency */ = {
			isa = PBXTargetDependency;
			target = BE3CBF63286F2FED006A8912 /* MVVMDemo */;
			targetProxy = BE3CBF85286F2FEF006A8912 /* PBXContainerItemProxy */;
		};
/* End PBXTargetDependency section */

/* Begin PBXVariantGroup section */
		BE3CBF6D286F2FED006A8912 /* Main.storyboard */ = {
			isa = PBXVariantGroup;
			children = (
				BE3CBF6E286F2FED006A8912 /* Base */,
			);
			name = Main.storyboard;
			sourceTree = "<group>";
		};
		BE3CBF72286F2FEF006A8912 /* LaunchScreen.storyboard */ = {
			isa = PBXVariantGroup;
			children = (
				BE3CBF73286F2FEF006A8912 /* Base */,
			);
			name = LaunchScreen.storyboard;
			sourceTree = "<group>";
		};
/* End PBXVariantGroup section */

/* Begin XCBuildConfiguration section */
		BE3CBF8C286F2FEF006A8912 /* Debug */ = {
			isa = XCBuildConfiguration;
			buildSettings = {
				ALWAYS_SEARCH_USER_PATHS = NO;
				CLANG_ANALYZER_NONNULL = YES;
				CLANG_ANALYZER_NUMBER_OBJECT_CONVERSION = YES_AGGRESSIVE;
				CLANG_CXX_LANGUAGE_STANDARD = "gnu++17";
				CLANG_ENABLE_MODULES = YES;
				CLANG_ENABLE_OBJC_ARC = YES;
				CLANG_ENABLE_OBJC_WEAK = YES;
				CLANG_WARN_BLOCK_CAPTURE_AUTORELEASING = YES;
				CLANG_WARN_BOOL_CONVERSION = YES;
				CLANG_WARN_COMMA = YES;
				CLANG_WARN_CONSTANT_CONVERSION = YES;
				CLANG_WARN_DEPRECATED_OBJC_IMPLEMENTATIONS = YES;
				CLANG_WARN_DIRECT_OBJC_ISA_USAGE = YES_ERROR;
				CLANG_WARN_DOCUMENTATION_COMMENTS = YES;
				CLANG_WARN_EMPTY_BODY = YES;
				CLANG_WARN_ENUM_CONVERSION = YES;
				CLANG_WARN_INFINITE_RECURSION = YES;
				CLANG_WARN_INT_CONVERSION = YES;
				CLANG_WARN_NON_LITERAL_NULL_CONVERSION = YES;
				CLANG_WARN_OBJC_IMPLICIT_RETAIN_SELF = YES;
				CLANG_WARN_OBJC_LITERAL_CONVERSION = YES;
				CLANG_WARN_OBJC_ROOT_CLASS = YES_ERROR;
				CLANG_WARN_QUOTED_INCLUDE_IN_FRAMEWORK_HEADER = YES;
				CLANG_WARN_RANGE_LOOP_ANALYSIS = YES;
				CLANG_WARN_STRICT_PROTOTYPES = YES;
				CLANG_WARN_SUSPICIOUS_MOVE = YES;
				CLANG_WARN_UNGUARDED_AVAILABILITY = YES_AGGRESSIVE;
				CLANG_WARN_UNREACHABLE_CODE = YES;
				CLANG_WARN__DUPLICATE_METHOD_MATCH = YES;
				COPY_PHASE_STRIP = NO;
				DEBUG_INFORMATION_FORMAT = dwarf;
				ENABLE_STRICT_OBJC_MSGSEND = YES;
				ENABLE_TESTABILITY = YES;
				GCC_C_LANGUAGE_STANDARD = gnu11;
				GCC_DYNAMIC_NO_PIC = NO;
				GCC_NO_COMMON_BLOCKS = YES;
				GCC_OPTIMIZATION_LEVEL = 0;
				GCC_PREPROCESSOR_DEFINITIONS = (
					"DEBUG=1",
					"$(inherited)",
				);
				GCC_WARN_64_TO_32_BIT_CONVERSION = YES;
				GCC_WARN_ABOUT_RETURN_TYPE = YES_ERROR;
				GCC_WARN_UNDECLARED_SELECTOR = YES;
				GCC_WARN_UNINITIALIZED_AUTOS = YES_AGGRESSIVE;
				GCC_WARN_UNUSED_FUNCTION = YES;
				GCC_WARN_UNUSED_VARIABLE = YES;
				IPHONEOS_DEPLOYMENT_TARGET = 15.5;
				MTL_ENABLE_DEBUG_INFO = INCLUDE_SOURCE;
				MTL_FAST_MATH = YES;
				ONLY_ACTIVE_ARCH = YES;
				SDKROOT = iphoneos;
				SWIFT_ACTIVE_COMPILATION_CONDITIONS = DEBUG;
				SWIFT_OPTIMIZATION_LEVEL = "-Onone";
			};
			name = Debug;
		};
		BE3CBF8D286F2FEF006A8912 /* Release */ = {
			isa = XCBuildConfiguration;
			buildSettings = {
				ALWAYS_SEARCH_USER_PATHS = NO;
				CLANG_ANALYZER_NONNULL = YES;
				CLANG_ANALYZER_NUMBER_OBJECT_CONVERSION = YES_AGGRESSIVE;
				CLANG_CXX_LANGUAGE_STANDARD = "gnu++17";
				CLANG_ENABLE_MODULES = YES;
				CLANG_ENABLE_OBJC_ARC = YES;
				CLANG_ENABLE_OBJC_WEAK = YES;
				CLANG_WARN_BLOCK_CAPTURE_AUTORELEASING = YES;
				CLANG_WARN_BOOL_CONVERSION = YES;
				CLANG_WARN_COMMA = YES;
				CLANG_WARN_CONSTANT_CONVERSION = YES;
				CLANG_WARN_DEPRECATED_OBJC_IMPLEMENTATIONS = YES;
				CLANG_WARN_DIRECT_OBJC_ISA_USAGE = YES_ERROR;
				CLANG_WARN_DOCUMENTATION_COMMENTS = YES;
				CLANG_WARN_EMPTY_BODY = YES;
				CLANG_WARN_ENUM_CONVERSION = YES;
				CLANG_WARN_INFINITE_RECURSION = YES;
				CLANG_WARN_INT_CONVERSION = YES;
				CLANG_WARN_NON_LITERAL_NULL_CONVERSION = YES;
				CLANG_WARN_OBJC_IMPLICIT_RETAIN_SELF = YES;
				CLANG_WARN_OBJC_LITERAL_CONVERSION = YES;
				CLANG_WARN_OBJC_ROOT_CLASS = YES_ERROR;
				CLANG_WARN_QUOTED_INCLUDE_IN_FRAMEWORK_HEADER = YES;
				CLANG_WARN_RANGE_LOOP_ANALYSIS = YES;
				CLANG_WARN_STRICT_PROTOTYPES = YES;
				CLANG_WARN_SUSPICIOUS_MOVE = YES;
				CLANG_WARN_UNGUARDED_AVAILABILITY = YES_AGGRESSIVE;
				CLANG_WARN_UNREACHABLE_CODE = YES;
				CLANG_WARN__DUPLICATE_METHOD_MATCH = YES;
				COPY_PHASE_STRIP = NO;
				DEBUG_INFORMATION_FORMAT = "dwarf-with-dsym";
				ENABLE_NS_ASSERTIONS = NO;
				ENABLE_STRICT_OBJC_MSGSEND = YES;
				GCC_C_LANGUAGE_STANDARD = gnu11;
				GCC_NO_COMMON_BLOCKS = YES;
				GCC_WARN_64_TO_32_BIT_CONVERSION = YES;
				GCC_WARN_ABOUT_RETURN_TYPE = YES_ERROR;
				GCC_WARN_UNDECLARED_SELECTOR = YES;
				GCC_WARN_UNINITIALIZED_AUTOS = YES_AGGRESSIVE;
				GCC_WARN_UNUSED_FUNCTION = YES;
				GCC_WARN_UNUSED_VARIABLE = YES;
				IPHONEOS_DEPLOYMENT_TARGET = 15.5;
				MTL_ENABLE_DEBUG_INFO = NO;
				MTL_FAST_MATH = YES;
				SDKROOT = iphoneos;
				SWIFT_COMPILATION_MODE = wholemodule;
				SWIFT_OPTIMIZATION_LEVEL = "-O";
				VALIDATE_PRODUCT = YES;
			};
			name = Release;
		};
		BE3CBF8F286F2FEF006A8912 /* Debug */ = {
			isa = XCBuildConfiguration;
			baseConfigurationReference = 2947CF6C5E944798A05605E9 /* Pods-MVVMDemo.debug.xcconfig */;
			buildSettings = {
				ASSETCATALOG_COMPILER_APPICON_NAME = AppIcon;
				ASSETCATALOG_COMPILER_GLOBAL_ACCENT_COLOR_NAME = AccentColor;
				CODE_SIGN_STYLE = Automatic;
				CURRENT_PROJECT_VERSION = 1;
				DEVELOPMENT_TEAM = KWKVL4YQWY;
				GENERATE_INFOPLIST_FILE = YES;
				INFOPLIST_FILE = MVVMDemo/Info.plist;
				INFOPLIST_KEY_UIApplicationSupportsIndirectInputEvents = YES;
				INFOPLIST_KEY_UILaunchStoryboardName = LaunchScreen;
				INFOPLIST_KEY_UIMainStoryboardFile = Main;
				INFOPLIST_KEY_UISupportedInterfaceOrientations_iPad = "UIInterfaceOrientationPortrait UIInterfaceOrientationPortraitUpsideDown UIInterfaceOrientationLandscapeLeft UIInterfaceOrientationLandscapeRight";
				INFOPLIST_KEY_UISupportedInterfaceOrientations_iPhone = "UIInterfaceOrientationPortrait UIInterfaceOrientationLandscapeLeft UIInterfaceOrientationLandscapeRight";
				LD_RUNPATH_SEARCH_PATHS = (
					"$(inherited)",
					"@executable_path/Frameworks",
				);
				MARKETING_VERSION = 1.0;
				PRODUCT_BUNDLE_IDENTIFIER = Demo.Will.MVVMDemo;
				PRODUCT_NAME = "$(TARGET_NAME)";
				SWIFT_EMIT_LOC_STRINGS = YES;
				SWIFT_VERSION = 5.0;
				TARGETED_DEVICE_FAMILY = "1,2";
			};
			name = Debug;
		};
		BE3CBF90286F2FEF006A8912 /* Release */ = {
			isa = XCBuildConfiguration;
			baseConfigurationReference = 677E3D33E1B9E99D8884225C /* Pods-MVVMDemo.release.xcconfig */;
			buildSettings = {
				ASSETCATALOG_COMPILER_APPICON_NAME = AppIcon;
				ASSETCATALOG_COMPILER_GLOBAL_ACCENT_COLOR_NAME = AccentColor;
				CODE_SIGN_STYLE = Automatic;
				CURRENT_PROJECT_VERSION = 1;
				DEVELOPMENT_TEAM = KWKVL4YQWY;
				GENERATE_INFOPLIST_FILE = YES;
				INFOPLIST_FILE = MVVMDemo/Info.plist;
				INFOPLIST_KEY_UIApplicationSupportsIndirectInputEvents = YES;
				INFOPLIST_KEY_UILaunchStoryboardName = LaunchScreen;
				INFOPLIST_KEY_UIMainStoryboardFile = Main;
				INFOPLIST_KEY_UISupportedInterfaceOrientations_iPad = "UIInterfaceOrientationPortrait UIInterfaceOrientationPortraitUpsideDown UIInterfaceOrientationLandscapeLeft UIInterfaceOrientationLandscapeRight";
				INFOPLIST_KEY_UISupportedInterfaceOrientations_iPhone = "UIInterfaceOrientationPortrait UIInterfaceOrientationLandscapeLeft UIInterfaceOrientationLandscapeRight";
				LD_RUNPATH_SEARCH_PATHS = (
					"$(inherited)",
					"@executable_path/Frameworks",
				);
				MARKETING_VERSION = 1.0;
				PRODUCT_BUNDLE_IDENTIFIER = Demo.Will.MVVMDemo;
				PRODUCT_NAME = "$(TARGET_NAME)";
				SWIFT_EMIT_LOC_STRINGS = YES;
				SWIFT_VERSION = 5.0;
				TARGETED_DEVICE_FAMILY = "1,2";
			};
			name = Release;
		};
		BE3CBF92286F2FEF006A8912 /* Debug */ = {
			isa = XCBuildConfiguration;
			baseConfigurationReference = AC6AFCD6052DAC7BF2AF005B /* Pods-MVVMDemoTests.debug.xcconfig */;
			buildSettings = {
				ALWAYS_EMBED_SWIFT_STANDARD_LIBRARIES = YES;
				BUNDLE_LOADER = "$(TEST_HOST)";
				CODE_SIGN_STYLE = Automatic;
				CURRENT_PROJECT_VERSION = 1;
				DEVELOPMENT_TEAM = KWKVL4YQWY;
				GENERATE_INFOPLIST_FILE = YES;
				IPHONEOS_DEPLOYMENT_TARGET = 15.5;
				MARKETING_VERSION = 1.0;
				PRODUCT_BUNDLE_IDENTIFIER = Demo.Will.MVVMDemoTests;
				PRODUCT_NAME = "$(TARGET_NAME)";
				SWIFT_EMIT_LOC_STRINGS = NO;
				SWIFT_VERSION = 5.0;
				TARGETED_DEVICE_FAMILY = "1,2";
				TEST_HOST = "$(BUILT_PRODUCTS_DIR)/MVVMDemo.app/MVVMDemo";
			};
			name = Debug;
		};
		BE3CBF93286F2FEF006A8912 /* Release */ = {
			isa = XCBuildConfiguration;
			baseConfigurationReference = 2D72E24FC2346512A1F86BA9 /* Pods-MVVMDemoTests.release.xcconfig */;
			buildSettings = {
				ALWAYS_EMBED_SWIFT_STANDARD_LIBRARIES = YES;
				BUNDLE_LOADER = "$(TEST_HOST)";
				CODE_SIGN_STYLE = Automatic;
				CURRENT_PROJECT_VERSION = 1;
				DEVELOPMENT_TEAM = KWKVL4YQWY;
				GENERATE_INFOPLIST_FILE = YES;
				IPHONEOS_DEPLOYMENT_TARGET = 15.5;
				MARKETING_VERSION = 1.0;
				PRODUCT_BUNDLE_IDENTIFIER = Demo.Will.MVVMDemoTests;
				PRODUCT_NAME = "$(TARGET_NAME)";
				SWIFT_EMIT_LOC_STRINGS = NO;
				SWIFT_VERSION = 5.0;
				TARGETED_DEVICE_FAMILY = "1,2";
				TEST_HOST = "$(BUILT_PRODUCTS_DIR)/MVVMDemo.app/MVVMDemo";
			};
			name = Release;
		};
		BE3CBF95286F2FEF006A8912 /* Debug */ = {
			isa = XCBuildConfiguration;
			baseConfigurationReference = B3050D5CA7D7238550D7D11B /* Pods-MVVMDemo-MVVMDemoUITests.debug.xcconfig */;
			buildSettings = {
				ALWAYS_EMBED_SWIFT_STANDARD_LIBRARIES = YES;
				CODE_SIGN_STYLE = Automatic;
				CURRENT_PROJECT_VERSION = 1;
				DEVELOPMENT_TEAM = KWKVL4YQWY;
				GENERATE_INFOPLIST_FILE = YES;
				MARKETING_VERSION = 1.0;
				PRODUCT_BUNDLE_IDENTIFIER = Demo.Will.MVVMDemoUITests;
				PRODUCT_NAME = "$(TARGET_NAME)";
				SWIFT_EMIT_LOC_STRINGS = NO;
				SWIFT_VERSION = 5.0;
				TARGETED_DEVICE_FAMILY = "1,2";
				TEST_TARGET_NAME = MVVMDemo;
			};
			name = Debug;
		};
		BE3CBF96286F2FEF006A8912 /* Release */ = {
			isa = XCBuildConfiguration;
			baseConfigurationReference = 52DA191AB66F396575783775 /* Pods-MVVMDemo-MVVMDemoUITests.release.xcconfig */;
			buildSettings = {
				ALWAYS_EMBED_SWIFT_STANDARD_LIBRARIES = YES;
				CODE_SIGN_STYLE = Automatic;
				CURRENT_PROJECT_VERSION = 1;
				DEVELOPMENT_TEAM = KWKVL4YQWY;
				GENERATE_INFOPLIST_FILE = YES;
				MARKETING_VERSION = 1.0;
				PRODUCT_BUNDLE_IDENTIFIER = Demo.Will.MVVMDemoUITests;
				PRODUCT_NAME = "$(TARGET_NAME)";
				SWIFT_EMIT_LOC_STRINGS = NO;
				SWIFT_VERSION = 5.0;
				TARGETED_DEVICE_FAMILY = "1,2";
				TEST_TARGET_NAME = MVVMDemo;
			};
			name = Release;
		};
/* End XCBuildConfiguration section */

/* Begin XCConfigurationList section */
		BE3CBF5F286F2FED006A8912 /* Build configuration list for PBXProject "MVVMDemo" */ = {
			isa = XCConfigurationList;
			buildConfigurations = (
				BE3CBF8C286F2FEF006A8912 /* Debug */,
				BE3CBF8D286F2FEF006A8912 /* Release */,
			);
			defaultConfigurationIsVisible = 0;
			defaultConfigurationName = Release;
		};
		BE3CBF8E286F2FEF006A8912 /* Build configuration list for PBXNativeTarget "MVVMDemo" */ = {
			isa = XCConfigurationList;
			buildConfigurations = (
				BE3CBF8F286F2FEF006A8912 /* Debug */,
				BE3CBF90286F2FEF006A8912 /* Release */,
			);
			defaultConfigurationIsVisible = 0;
			defaultConfigurationName = Release;
		};
		BE3CBF91286F2FEF006A8912 /* Build configuration list for PBXNativeTarget "MVVMDemoTests" */ = {
			isa = XCConfigurationList;
			buildConfigurations = (
				BE3CBF92286F2FEF006A8912 /* Debug */,
				BE3CBF93286F2FEF006A8912 /* Release */,
			);
			defaultConfigurationIsVisible = 0;
			defaultConfigurationName = Release;
		};
		BE3CBF94286F2FEF006A8912 /* Build configuration list for PBXNativeTarget "MVVMDemoUITests" */ = {
			isa = XCConfigurationList;
			buildConfigurations = (
				BE3CBF95286F2FEF006A8912 /* Debug */,
				BE3CBF96286F2FEF006A8912 /* Release */,
			);
			defaultConfigurationIsVisible = 0;
			defaultConfigurationName = Release;
		};
/* End XCConfigurationList section */
	};
	rootObject = BE3CBF5C286F2FED006A8912 /* Project object */;
}
